version: 2.0
shards:
  ameba:
    git: https://github.com/crystal-ameba/ameba.git
    version: 0.13.4

  likee:
    git: https://github.com/kandayo/likee.cr.git
    version: 0.2.2

  progress:
    git: https://github.com/kandayo/progress.cr.git
    version: 0.1.1

  retriable:
    git: https://github.com/Sija/retriable.cr.git
    version: 0.2.2

  webmock:
    git: https://github.com/manastech/webmock.cr.git
    version: 0.14.0+git.commit.42b347cdd64e13193e46167a03593944ae2b3d20

